
Microsoft Visual Studio Solution File, Format Version 12.00
# Visual Studio Version 17
VisualStudioVersion = 17.14.37111.16 d17.14
MinimumVisualStudioVersion = 10.0.40219.1
Project("{FAE04EC0-301F-11D3-BF4B-00C04F79EFBC}") = "project-docs-summariser", "project-docs-summariser\project-docs-summariser.csproj", "{FEC80A76-0B65-4044-8EC3-BCBD5B9C40DF}"
EndProject
Global
	GlobalSection(SolutionConfigurationPlatforms) = preSolution
		Debug|Any CPU = Debug|Any CPU
		Release|Any CPU = Release|Any CPU
	EndGlobalSection
	GlobalSection(ProjectConfigurationPlatforms) = postSolution
		{FEC80A76-0B65-4044-8EC3-BCBD5B9C40DF}.Debug|Any CPU.ActiveCfg = Debug|Any CPU
		{FEC80A76-0B65-4044-8EC3-BCBD5B9C40DF}.Debug|Any CPU.Build.0 = Debug|Any CPU
		{FEC80A76-0B65-4044-8EC3-BCBD5B9C40DF}.Release|Any CPU.ActiveCfg = Release|Any CPU
		{FEC80A76-0B65-4044-8EC3-BCBD5B9C40DF}.Release|Any CPU.Build.0 = Release|Any CPU
	EndGlobalSection
	GlobalSection(SolutionProperties) = preSolution
		HideSolutionNode = FALSE
	EndGlobalSection
	GlobalSection(ExtensibilityGlobals) = postSolution
		SolutionGuid = {7AA171D4-3EF5-4297-9986-02091F1CBD27}
	EndGlobalSection
EndGlobal
